// !$*UTF8*$!
{
	archiveVersion = 1;
	classes = {
	};
	objectVersion = 46;
	objects = {

/* Begin PBXBuildFile section */
		1921F00E1E963E250091C94A /* main.m in Sources */ = {isa = PBXBuildFile; fileRef = 1921F00D1E963E250091C94A /* main.m */; };
		1921F0111E963E250091C94A /* AppDelegate.m in Sources */ = {isa = PBXBuildFile; fileRef = 1921F0101E963E250091C94A /* AppDelegate.m */; };
		1921F0141E963E250091C94A /* ViewController.m in Sources */ = {isa = PBXBuildFile; fileRef = 1921F0131E963E250091C94A /* ViewController.m */; };
		1921F0171E963E250091C94A /* Main.storyboard in Resources */ = {isa = PBXBuildFile; fileRef = 1921F0151E963E250091C94A /* Main.storyboard */; };
		1921F0191E963E250091C94A /* Assets.xcassets in Resources */ = {isa = PBXBuildFile; fileRef = 1921F0181E963E250091C94A /* Assets.xcassets */; };
		1921F01C1E963E250091C94A /* LaunchScreen.storyboard in Resources */ = {isa = PBXBuildFile; fileRef = 1921F01A1E963E250091C94A /* LaunchScreen.storyboard */; };
/* End PBXBuildFile section */

/* Begin PBXFileReference section */
		1921F0091E963E250091C94A /* Taleiter_Rem-ember.app */ = {isa = PBXFileReference; explicitFileType = wrapper.application; includeInIndex = 0; path = "Taleiter_Rem-ember.app"; sourceTree = BUILT_PRODUCTS_DIR; };
		1921F00D1E963E250091C94A /* main.m */ = {isa = PBXFileReference; lastKnownFileType = sourcecode.c.objc; path = main.m; sourceTree = "<group>"; };
		1921F00F1E963E250091C94A /* AppDelegate.h */ = {isa = PBXFileReference; lastKnownFileType = sourcecode.c.h; path = AppDelegate.h; sourceTree = "<group>"; };
		1921F0101E963E250091C94A /* AppDelegate.m */ = {isa = PBXFileReference; lastKnownFileType = sourcecode.c.objc; path = AppDelegate.m; sourceTree = "<group>"; };
		1921F0121E963E250091C94A /* ViewController.h */ = {isa = PBXFileReference; lastKnownFileType = sourcecode.c.h; path = ViewController.h; sourceTree = "<group>"; };
		1921F0131E963E250091C94A /* ViewController.m */ = {isa = PBXFileReference; lastKnownFileType = sourcecode.c.objc; path = ViewController.m; sourceTree = "<group>"; };
		1921F0161E963E250091C94A /* Base */ = {isa = PBXFileReference; lastKnownFileType = file.storyboard; name = Base; path = Base.lproj/Main.storyboard; sourceTree = "<group>"; };
		1921F0181E963E250091C94A /* Assets.xcassets */ = {isa = PBXFileReference; lastKnownFileType = folder.assetcatalog; path = Assets.xcassets; sourceTree = "<group>"; };
		1921F01B1E963E250091C94A /* Base */ = {isa = PBXFileReference; lastKnownFileType = file.storyboard; name = Base; path = Base.lproj/LaunchScreen.storyboard; sourceTree = "<group>"; };
		1921F01D1E963E250091C94A /* Info.plist */ = {isa = PBXFileReference; lastKnownFileType = text.plist.xml; path = Info.plist; sourceTree = "<group>"; };
/* End PBXFileReference section */

/* Begin PBXFrameworksBuildPhase section */
		1921F0061E963E250091C94A /* Frameworks */ = {
			isa = PBXFrameworksBuildPhase;
			buildActionMask = 2147483647;
			files = (
			);
			runOnlyForDeploymentPostprocessing = 0;
		};
/* End PBXFrameworksBuildPhase section */

/* Begin PBXGroup section */
		1921F0001E963E250091C94A = {
			isa = PBXGroup;
			children = (
				1921F00B1E963E250091C94A /* Taleiter_Rem-ember */,
				1921F00A1E963E250091C94A /* Products */,
			);
			sourceTree = "<group>";
		};
		1921F00A1E963E250091C94A /* Products */ = {
			isa = PBXGroup;
			children = (
				1921F0091E963E250091C94A /* Taleiter_Rem-ember.app */,
			);
			name = Products;
			sourceTree = "<group>";
		};
		1921F00B1E963E250091C94A /* Taleiter_Rem-ember */ = {
			isa = PBXGroup;
			children = (
				1921F00F1E963E250091C94A /* AppDelegate.h */,
				1921F0101E963E250091C94A /* AppDelegate.m */,
				1921F0121E963E250091C94A /* ViewController.h */,
				1921F0131E963E250091C94A /* ViewController.m */,
				1921F0151E963E250091C94A /* Main.storyboard */,
				1921F0181E963E250091C94A /* Assets.xcassets */,
				1921F01A1E963E250091C94A /* LaunchScreen.storyboard */,
				1921F01D1E963E250091C94A /* Info.plist */,
				1921F00C1E963E250091C94A /* Supporting Files */,
			);
			path = "Taleiter_Rem-ember";
			sourceTree = "<group>";
		};
		1921F00C1E963E250091C94A /* Supporting Files */ = {
			isa = PBXGroup;
			children = (
				1921F00D1E963E250091C94A /* main.m */,
			);
			name = "Supporting Files";
			sourceTree = "<group>";
		};
/* End PBXGroup section */

/* Begin PBXNativeTarget section */
		1921F0081E963E250091C94A /* Taleiter_Rem-ember */ = {
			isa = PBXNativeTarget;
			buildConfigurationList = 1921F0201E963E250091C94A /* Build configuration list for PBXNativeTarget "Taleiter_Rem-ember" */;
			buildPhases = (
				1921F0051E963E250091C94A /* Sources */,
				1921F0061E963E250091C94A /* Frameworks */,
				1921F0071E963E250091C94A /* Resources */,
			);
			buildRules = (
			);
			dependencies = (
			);
			name = "Taleiter_Rem-ember";
			productName = "Taleiter_Rem-ember";
			productReference = 1921F0091E963E250091C94A /* Taleiter_Rem-ember.app */;
			productType = "com.apple.product-type.application";
		};
/* End PBXNativeTarget section */

/* Begin PBXProject section */
		1921F0011E963E250091C94A /* Project object */ = {
			isa = PBXProject;
			attributes = {
				LastUpgradeCheck = 0820;
				ORGANIZATIONNAME = "李巍";
				TargetAttributes = {
					1921F0081E963E250091C94A = {
						CreatedOnToolsVersion = 8.2.1;
						ProvisioningStyle = Automatic;
					};
				};
			};
			buildConfigurationList = 1921F0041E963E250091C94A /* Build configuration list for PBXProject "Taleiter_Rem-ember" */;
			compatibilityVersion = "Xcode 3.2";
			developmentRegion = English;
			hasScannedForEncodings = 0;
			knownRegions = (
				en,
				Base,
			);
			mainGroup = 1921F0001E963E250091C94A;
			productRefGroup = 1921F00A1E963E250091C94A /* Products */;
			projectDirPath = "";
			projectRoot = "";
			targets = (
				1921F0081E963E250091C94A /* Taleiter_Rem-ember */,
			);
		};
/* End PBXProject section */

/* Begin PBXResourcesBuildPhase section */
		1921F0071E963E250091C94A /* Resources */ = {
			isa = PBXResourcesBuildPhase;
			buildActionMask = 2147483647;
			files = (
				1921F01C1E963E250091C94A /* LaunchScreen.storyboard in Resources */,
				1921F0191E963E250091C94A /* Assets.xcassets in Resources */,
				1921F0171E963E250091C94A /* Main.storyboard in Resources */,
			);
			runOnlyForDeploymentPostprocessing = 0;
		};
/* End PBXResourcesBuildPhase section */

/* Begin PBXSourcesBuildPhase section */
		1921F0051E963E250091C94A /* Sources */ = {
			isa = PBXSourcesBuildPhase;
			buildActionMask = 2147483647;
			files = (
				1921F0141E963E250091C94A /* ViewController.m in Sources */,
				1921F0111E963E250091C94A /* AppDelegate.m in Sources */,
				1921F00E1E963E250091C94A /* main.m in Sources */,
			);
			runOnlyForDeploymentPostprocessing = 0;
		};
/* End PBXSourcesBuildPhase section */

/* Begin PBXVariantGroup section */
		1921F0151E963E250091C94A /* Main.storyboard */ = {
			isa = PBXVariantGroup;
			children = (
				1921F0161E963E250091C94A /* Base */,
			);
			name = Main.storyboard;
			sourceTree = "<group>";
		};
		1921F01A1E963E250091C94A /* LaunchScreen.storyboard */ = {
			isa = PBXVariantGroup;
			children = (
				1921F01B1E963E250091C94A /* Base */,
			);
			name = LaunchScreen.storyboard;
			sourceTree = "<group>";
		};
/* End PBXVariantGroup section */

/* Begin XCBuildConfiguration section */
		1921F01E1E963E250091C94A /* Debug */ = {
			isa = XCBuildConfiguration;
			buildSettings = {
				ALWAYS_SEARCH_USER_PATHS = NO;
				CLANG_ANALYZER_NONNULL = YES;
				CLANG_CXX_LANGUAGE_STANDARD = "gnu++0x";
				CLANG_CXX_LIBRARY = "libc++";
				CLANG_ENABLE_MODULES = YES;
				CLANG_ENABLE_OBJC_ARC = YES;
				CLANG_WARN_BOOL_CONVERSION = YES;
				CLANG_WARN_CONSTANT_CONVERSION = YES;
				CLANG_WARN_DIRECT_OBJC_ISA_USAGE = YES_ERROR;
				CLANG_WARN_DOCUMENTATION_COMMENTS = YES;
				CLANG_WARN_EMPTY_BODY = YES;
				CLANG_WARN_ENUM_CONVERSION = YES;
				CLANG_WARN_INFINITE_RECURSION = YES;
				CLANG_WARN_INT_CONVERSION = YES;
				CLANG_WARN_OBJC_ROOT_CLASS = YES_ERROR;
				CLANG_WARN_SUSPICIOUS_MOVE = YES;
				CLANG_WARN_UNREACHABLE_CODE = YES;
				CLANG_WARN__DUPLICATE_METHOD_MATCH = YES;
				"CODE_SIGN_IDENTITY[sdk=iphoneos*]" = "iPhone Developer";
				COPY_PHASE_STRIP = NO;
				DEBUG_INFORMATION_FORMAT = dwarf;
				ENABLE_STRICT_OBJC_MSGSEND = YES;
				ENABLE_TESTABILITY = YES;
				GCC_C_LANGUAGE_STANDARD = gnu99;
				GCC_DYNAMIC_NO_PIC = NO;
				GCC_NO_COMMON_BLOCKS = YES;
				GCC_OPTIMIZATION_LEVEL = 0;
				GCC_PREPROCESSOR_DEFINITIONS = (
					"DEBUG=1",
					"$(inherited)",
				);
				GCC_WARN_64_TO_32_BIT_CONVERSION = YES;
				GCC_WARN_ABOUT_RETURN_TYPE = YES_ERROR;
				GCC_WARN_UNDECLARED_SELECTOR = YES;
				GCC_WARN_UNINITIALIZED_AUTOS = YES_AGGRESSIVE;
				GCC_WARN_UNUSED_FUNCTION = YES;
				GCC_WARN_UNUSED_VARIABLE = YES;
				IPHONEOS_DEPLOYMENT_TARGET = 10.2;
				MTL_ENABLE_DEBUG_INFO = YES;
				ONLY_ACTIVE_ARCH = YES;
				SDKROOT = iphoneos;
				TARGETED_DEVICE_FAMILY = "1,2";
			};
			name = Debug;
		};
		1921F01F1E963E250091C94A /* Release */ = {
			isa = XCBuildConfiguration;
			buildSettings = {
				ALWAYS_SEARCH_USER_PATHS = NO;
				CLANG_ANALYZER_NONNULL = YES;
				CLANG_CXX_LANGUAGE_STANDARD = "gnu++0x";
				CLANG_CXX_LIBRARY = "libc++";
				CLANG_ENABLE_MODULES = YES;
				CLANG_ENABLE_OBJC_ARC = YES;
				CLANG_WARN_BOOL_CONVERSION = YES;
				CLANG_WARN_CONSTANT_CONVERSION = YES;
				CLANG_WARN_DIRECT_OBJC_ISA_USAGE = YES_ERROR;
				CLANG_WARN_DOCUMENTATION_COMMENTS = YES;
				CLANG_WARN_EMPTY_BODY = YES;
				CLANG_WARN_ENUM_CONVERSION = YES;
				CLANG_WARN_INFINITE_RECURSION = YES;
				CLANG_WARN_INT_CONVERSION = YES;
				CLANG_WARN_OBJC_ROOT_CLASS = YES_ERROR;
				CLANG_WARN_SUSPICIOUS_MOVE = YES;
				CLANG_WARN_UNREACHABLE_CODE = YES;
				CLANG_WARN__DUPLICATE_METHOD_MATCH = YES;
				"CODE_SIGN_IDENTITY[sdk=iphoneos*]" = "iPhone Developer";
				COPY_PHASE_STRIP = NO;
				DEBUG_INFORMATION_FORMAT = "dwarf-with-dsym";
				ENABLE_NS_ASSERTIONS = NO;
				ENABLE_STRICT_OBJC_MSGSEND = YES;
				GCC_C_LANGUAGE_STANDARD = gnu99;
				GCC_NO_COMMON_BLOCKS = YES;
				GCC_WARN_64_TO_32_BIT_CONVERSION = YES;
				GCC_WARN_ABOUT_RETURN_TYPE = YES_ERROR;
				GCC_WARN_UNDECLARED_SELECTOR = YES;
				GCC_WARN_UNINITIALIZED_AUTOS = YES_AGGRESSIVE;
				GCC_WARN_UNUSED_FUNCTION = YES;
				GCC_WARN_UNUSED_VARIABLE = YES;
				IPHONEOS_DEPLOYMENT_TARGET = 10.2;
				MTL_ENABLE_DEBUG_INFO = NO;
				SDKROOT = iphoneos;
				TARGETED_DEVICE_FAMILY = "1,2";
				VALIDATE_PRODUCT = YES;
			};
			name = Release;
		};
		1921F0211E963E250091C94A /* Debug */ = {
			isa = XCBuildConfiguration;
			buildSettings = {
				ASSETCATALOG_COMPILER_APPICON_NAME = AppIcon;
				INFOPLIST_FILE = "Taleiter_Rem-ember/Info.plist";
				LD_RUNPATH_SEARCH_PATHS = "$(inherited) @executable_path/Frameworks";
				PRODUCT_BUNDLE_IDENTIFIER = "com.Taleiter-Rem-ember";
				PRODUCT_NAME = "$(TARGET_NAME)";
			};
			name = Debug;
		};
		1921F0221E963E250091C94A /* Release */ = {
			isa = XCBuildConfiguration;
			buildSettings = {
				ASSETCATALOG_COMPILER_APPICON_NAME = AppIcon;
				INFOPLIST_FILE = "Taleiter_Rem-ember/Info.plist";
				LD_RUNPATH_SEARCH_PATHS = "$(inherited) @executable_path/Frameworks";
				PRODUCT_BUNDLE_IDENTIFIER = "com.Taleiter-Rem-ember";
				PRODUCT_NAME = "$(TARGET_NAME)";
			};
			name = Release;
		};
/* End XCBuildConfiguration section */

/* Begin XCConfigurationList section */
		1921F0041E963E250091C94A /* Build configuration list for PBXProject "Taleiter_Rem-ember" */ = {
			isa = XCConfigurationList;
			buildConfigurations = (
				1921F01E1E963E250091C94A /* Debug */,
				1921F01F1E963E250091C94A /* Release */,
			);
			defaultConfigurationIsVisible = 0;
			defaultConfigurationName = Release;
		};
		1921F0201E963E250091C94A /* Build configuration list for PBXNativeTarget "Taleiter_Rem-ember" */ = {
			isa = XCConfigurationList;
			buildConfigurations = (
				1921F0211E963E250091C94A /* Debug */,
				1921F0221E963E250091C94A /* Release */,
			);
			defaultConfigurationIsVisible = 0;
		};
/* End XCConfigurationList section */
	};
	rootObject = 1921F0011E963E250091C94A /* Project object */;
}
